
Microsoft Visual Studio Solution File, Format Version 12.00
# Visual Studio Version 17
VisualStudioVersion = 17.14.36408.4 d17.14
MinimumVisualStudioVersion = 10.0.40219.1
Project("{FAE04EC0-301F-11D3-BF4B-00C04F79EFBC}") = "MyLibraries", "MyLibraries\MyLibraries.csproj", "{A7406565-9D42-462C-BAAB-5CF4C5D73854}"
EndProject
Project("{FAE04EC0-301F-11D3-BF4B-00C04F79EFBC}") = "ExcelHelper.NET", "ExcelHelper.NET\ExcelHelper.NET.csproj", "{A57507A5-FA41-3119-740F-78177CB3C093}"
EndProject
Project("{FAE04EC0-301F-11D3-BF4B-00C04F79EFBC}") = "TestRunner", "TestRunner\TestRunner.csproj", "{D5167E7A-918C-D149-5D77-22640C454DC4}"
EndProject
Global
	GlobalSection(SolutionConfigurationPlatforms) = preSolution
		Debug|Any CPU = Debug|Any CPU
		Release|Any CPU = Release|Any CPU
	EndGlobalSection
	GlobalSection(ProjectConfigurationPlatforms) = postSolution
		{A7406565-9D42-462C-BAAB-5CF4C5D73854}.Debug|Any CPU.ActiveCfg = Debug|Any CPU
		{A7406565-9D42-462C-BAAB-5CF4C5D73854}.Debug|Any CPU.Build.0 = Debug|Any CPU
		{A7406565-9D42-462C-BAAB-5CF4C5D73854}.Release|Any CPU.ActiveCfg = Release|Any CPU
		{A7406565-9D42-462C-BAAB-5CF4C5D73854}.Release|Any CPU.Build.0 = Release|Any CPU
		{A57507A5-FA41-3119-740F-78177CB3C093}.Debug|Any CPU.ActiveCfg = Debug|Any CPU
		{A57507A5-FA41-3119-740F-78177CB3C093}.Debug|Any CPU.Build.0 = Debug|Any CPU
		{A57507A5-FA41-3119-740F-78177CB3C093}.Release|Any CPU.ActiveCfg = Release|Any CPU
		{A57507A5-FA41-3119-740F-78177CB3C093}.Release|Any CPU.Build.0 = Release|Any CPU
		{D5167E7A-918C-D149-5D77-22640C454DC4}.Debug|Any CPU.ActiveCfg = Debug|Any CPU
		{D5167E7A-918C-D149-5D77-22640C454DC4}.Debug|Any CPU.Build.0 = Debug|Any CPU
		{D5167E7A-918C-D149-5D77-22640C454DC4}.Release|Any CPU.ActiveCfg = Release|Any CPU
		{D5167E7A-918C-D149-5D77-22640C454DC4}.Release|Any CPU.Build.0 = Release|Any CPU
	EndGlobalSection
	GlobalSection(SolutionProperties) = preSolution
		HideSolutionNode = FALSE
	EndGlobalSection
	GlobalSection(ExtensibilityGlobals) = postSolution
		SolutionGuid = {EDC7F5B2-0C4F-444B-96BF-89D04778F6BA}
	EndGlobalSection
EndGlobal
